
Microsoft Visual Studio Solution File, Format Version 12.00
# Visual Studio Version 16
VisualStudioVersion = 16.0.31911.196
MinimumVisualStudioVersion = 10.0.40219.1
Project("{FAE04EC0-301F-11D3-BF4B-00C04F79EFBC}") = "taklif3", "taklif3\taklif3.csproj", "{D65AA8A4-3FE8-4358-8515-1096C341D3F6}"
EndProject
Global
	GlobalSection(SolutionConfigurationPlatforms) = preSolution
		Debug|Any CPU = Debug|Any CPU
		Release|Any CPU = Release|Any CPU
	EndGlobalSection
	GlobalSection(ProjectConfigurationPlatforms) = postSolution
		{D65AA8A4-3FE8-4358-8515-1096C341D3F6}.Debug|Any CPU.ActiveCfg = Debug|Any CPU
		{D65AA8A4-3FE8-4358-8515-1096C341D3F6}.Debug|Any CPU.Build.0 = Debug|Any CPU
		{D65AA8A4-3FE8-4358-8515-1096C341D3F6}.Release|Any CPU.ActiveCfg = Release|Any CPU
		{D65AA8A4-3FE8-4358-8515-1096C341D3F6}.Release|Any CPU.Build.0 = Release|Any CPU
	EndGlobalSection
	GlobalSection(SolutionProperties) = preSolution
		HideSolutionNode = FALSE
	EndGlobalSection
	GlobalSection(ExtensibilityGlobals) = postSolution
		SolutionGuid = {F796A0FE-71D4-4748-B1C4-38B7F0DA9A0A}
	EndGlobalSection
EndGlobal
